shen-version 41.2
host shen-go
host-version 1.25.0
host-repository https://github.com/pyrex41/shen-go.git
host-revision 77de117b139022300b598f4b0d88cc415f9b6b65
shen-cl-repository https://github.com/pyrex41/shen-cl.git
shen-cl-revision 096543f8a96bcdafe384a6e7c7484a74ceefc03a
shen-lua-repository https://github.com/pyrex41/shen-lua.git
shen-lua-revision 73d79136dd69033973657105db22d2a4c8ec37ce
bifrost-repository https://github.com/pyrex41/bifrost.git
bifrost-revision 4fd876ebb2d5427c750d8c2e059b54d08212373c
yggdrasil-repository https://github.com/pyrex41/yggdrasil.git
yggdrasil-revision f3f7f9bdb72680719544f1cba7b1298608e20112
lean-version 4.19
z3-version 4.15.3
z3-linux-x64-sha256 94549c5e31a75b9c543fe6eea8f32927054765c2e92e696d2d6dde0eedf348a1
tptp4x-version git
tptp4x-repository https://github.com/TPTPWorld/TPTP4X.git
tptp4x-revision 781de44267f9561be28dbef89dbada54129641bf
jjparser-repository https://github.com/TPTPWorld/JJParser.git
jjparser-revision 14611475bb2e0e946609889167dcc5db9f93eb17
tptp4x-entrypoint tptp4X
source-date-epoch 0
